// !$*UTF8*$!
{
	archiveVersion = 1;
	classes = {
	};
	objectVersion = 46;
	objects = {

/* Begin PBXBuildFile section */
		E20D71B315E2B27B005E9D34 /* TFAddressBook.h in Headers */ = {isa = PBXBuildFile; fileRef = E272304B15E260240057DB5E /* TFAddressBook.h */; settings = {ATTRIBUTES = (); }; };
		E20D71B515E2B27B005E9D34 /* TFGroup.h in Headers */ = {isa = PBXBuildFile; fileRef = E272304D15E260240057DB5E /* TFGroup.h */; settings = {ATTRIBUTES = (); }; };
		E20D71B715E2B27B005E9D34 /* TFMultiValue.h in Headers */ = {isa = PBXBuildFile; fileRef = E272304F15E260240057DB5E /* TFMultiValue.h */; settings = {ATTRIBUTES = (); }; };
		E20D71B915E2B27B005E9D34 /* TFMutableMultiValue.h in Headers */ = {isa = PBXBuildFile; fileRef = E272305115E260240057DB5E /* TFMutableMultiValue.h */; settings = {ATTRIBUTES = (); }; };
		E20D71BB15E2B27B005E9D34 /* TFPerson.h in Headers */ = {isa = PBXBuildFile; fileRef = E272305315E260240057DB5E /* TFPerson.h */; settings = {ATTRIBUTES = (); }; };
		E20D71BD15E2B27B005E9D34 /* TFRecord.h in Headers */ = {isa = PBXBuildFile; fileRef = E272305515E260240057DB5E /* TFRecord.h */; settings = {ATTRIBUTES = (); }; };
		E20D71BF15E2B27B005E9D34 /* TFSearchElement.h in Headers */ = {isa = PBXBuildFile; fileRef = E272305715E260240057DB5E /* TFSearchElement.h */; settings = {ATTRIBUTES = (); }; };
		E20D71C115E2B27B005E9D34 /* TFBasicSearchElement.h in Headers */ = {isa = PBXBuildFile; fileRef = E272305915E260240057DB5E /* TFBasicSearchElement.h */; settings = {ATTRIBUTES = (); }; };
		E20D71C315E2B27B005E9D34 /* TFABAddressBook.h in Headers */ = {isa = PBXBuildFile; fileRef = E2722FCC15E25C6F0057DB5E /* TFABAddressBook.h */; settings = {ATTRIBUTES = (Public, ); }; };
		E2179E1115E56DDC006276EF /* TFPerson+CompositeName.h in Headers */ = {isa = PBXBuildFile; fileRef = E2179E0F15E56DDC006276EF /* TFPerson+CompositeName.h */; settings = {ATTRIBUTES = (Public, ); }; };
		E2179E1215E56DDC006276EF /* TFPerson+CompositeName.h in Headers */ = {isa = PBXBuildFile; fileRef = E2179E0F15E56DDC006276EF /* TFPerson+CompositeName.h */; settings = {ATTRIBUTES = (Public, ); }; };
		E2179E1315E56DDC006276EF /* TFPerson+CompositeName.m in Sources */ = {isa = PBXBuildFile; fileRef = E2179E1015E56DDC006276EF /* TFPerson+CompositeName.m */; };
		E2179E1415E56DDC006276EF /* TFPerson+CompositeName.m in Sources */ = {isa = PBXBuildFile; fileRef = E2179E1015E56DDC006276EF /* TFPerson+CompositeName.m */; };
		E2179E1515E56DDC006276EF /* TFPerson+CompositeName.m in Sources */ = {isa = PBXBuildFile; fileRef = E2179E1015E56DDC006276EF /* TFPerson+CompositeName.m */; };
		E2179E1615E56DDC006276EF /* TFPerson+CompositeName.m in Sources */ = {isa = PBXBuildFile; fileRef = E2179E1015E56DDC006276EF /* TFPerson+CompositeName.m */; };
		E2179E1815E56E35006276EF /* TFPerson+CompositeName.h in CopyFiles */ = {isa = PBXBuildFile; fileRef = E2179E0F15E56DDC006276EF /* TFPerson+CompositeName.h */; };
		E2722FC015E25C6F0057DB5E /* Cocoa.framework in Frameworks */ = {isa = PBXBuildFile; fileRef = E2722FBF15E25C6F0057DB5E /* Cocoa.framework */; };
		E2722FCA15E25C6F0057DB5E /* InfoPlist.strings in Resources */ = {isa = PBXBuildFile; fileRef = E2722FC815E25C6F0057DB5E /* InfoPlist.strings */; };
		E2722FD615E25C6F0057DB5E /* SenTestingKit.framework in Frameworks */ = {isa = PBXBuildFile; fileRef = E2722FD515E25C6F0057DB5E /* SenTestingKit.framework */; };
		E2722FD715E25C6F0057DB5E /* Cocoa.framework in Frameworks */ = {isa = PBXBuildFile; fileRef = E2722FBF15E25C6F0057DB5E /* Cocoa.framework */; };
		E2722FDA15E25C6F0057DB5E /* TFAddressBook.framework in Frameworks */ = {isa = PBXBuildFile; fileRef = E2722FBC15E25C6F0057DB5E /* TFAddressBook.framework */; };
		E2722FE015E25C6F0057DB5E /* InfoPlist.strings in Resources */ = {isa = PBXBuildFile; fileRef = E2722FDE15E25C6F0057DB5E /* InfoPlist.strings */; };
		E272302615E25F7F0057DB5E /* Foundation.framework in Frameworks */ = {isa = PBXBuildFile; fileRef = E272302515E25F7F0057DB5E /* Foundation.framework */; };
		E272303415E25F7F0057DB5E /* SenTestingKit.framework in Frameworks */ = {isa = PBXBuildFile; fileRef = E2722FD515E25C6F0057DB5E /* SenTestingKit.framework */; };
		E272303615E25F7F0057DB5E /* UIKit.framework in Frameworks */ = {isa = PBXBuildFile; fileRef = E272303515E25F7F0057DB5E /* UIKit.framework */; };
		E272303715E25F7F0057DB5E /* Foundation.framework in Frameworks */ = {isa = PBXBuildFile; fileRef = E272302515E25F7F0057DB5E /* Foundation.framework */; };
		E272303A15E25F800057DB5E /* libTFAddressBook.a in Frameworks */ = {isa = PBXBuildFile; fileRef = E272302415E25F7F0057DB5E /* libTFAddressBook.a */; };
		E272305B15E260240057DB5E /* TFAddressBook.m in Sources */ = {isa = PBXBuildFile; fileRef = E272304C15E260240057DB5E /* TFAddressBook.m */; };
		E272305C15E260240057DB5E /* TFAddressBook.m in Sources */ = {isa = PBXBuildFile; fileRef = E272304C15E260240057DB5E /* TFAddressBook.m */; };
		E272305D15E260240057DB5E /* TFGroup.m in Sources */ = {isa = PBXBuildFile; fileRef = E272304E15E260240057DB5E /* TFGroup.m */; };
		E272305E15E260240057DB5E /* TFGroup.m in Sources */ = {isa = PBXBuildFile; fileRef = E272304E15E260240057DB5E /* TFGroup.m */; };
		E272305F15E260240057DB5E /* TFMultiValue.m in Sources */ = {isa = PBXBuildFile; fileRef = E272305015E260240057DB5E /* TFMultiValue.m */; };
		E272306015E260240057DB5E /* TFMultiValue.m in Sources */ = {isa = PBXBuildFile; fileRef = E272305015E260240057DB5E /* TFMultiValue.m */; };
		E272306115E260240057DB5E /* TFMutableMultiValue.m in Sources */ = {isa = PBXBuildFile; fileRef = E272305215E260240057DB5E /* TFMutableMultiValue.m */; };
		E272306215E260240057DB5E /* TFMutableMultiValue.m in Sources */ = {isa = PBXBuildFile; fileRef = E272305215E260240057DB5E /* TFMutableMultiValue.m */; };
		E272306315E260240057DB5E /* TFPerson.m in Sources */ = {isa = PBXBuildFile; fileRef = E272305415E260240057DB5E /* TFPerson.m */; };
		E272306415E260240057DB5E /* TFPerson.m in Sources */ = {isa = PBXBuildFile; fileRef = E272305415E260240057DB5E /* TFPerson.m */; };
		E272306515E260240057DB5E /* TFRecord.m in Sources */ = {isa = PBXBuildFile; fileRef = E272305615E260240057DB5E /* TFRecord.m */; };
		E272306615E260240057DB5E /* TFRecord.m in Sources */ = {isa = PBXBuildFile; fileRef = E272305615E260240057DB5E /* TFRecord.m */; };
		E272306715E260240057DB5E /* TFSearchElement.m in Sources */ = {isa = PBXBuildFile; fileRef = E272305815E260240057DB5E /* TFSearchElement.m */; };
		E272306815E260240057DB5E /* TFSearchElement.m in Sources */ = {isa = PBXBuildFile; fileRef = E272305815E260240057DB5E /* TFSearchElement.m */; };
		E272306915E260240057DB5E /* TFBasicSearchElement.m in Sources */ = {isa = PBXBuildFile; fileRef = E272305A15E260240057DB5E /* TFBasicSearchElement.m */; };
		E272306A15E260240057DB5E /* TFBasicSearchElement.m in Sources */ = {isa = PBXBuildFile; fileRef = E272305A15E260240057DB5E /* TFBasicSearchElement.m */; };
		E272306E15E261970057DB5E /* AddressBook.framework in Frameworks */ = {isa = PBXBuildFile; fileRef = E272306D15E261970057DB5E /* AddressBook.framework */; };
		E272307215E261FF0057DB5E /* AddressBook.framework in Frameworks */ = {isa = PBXBuildFile; fileRef = E272307115E261FF0057DB5E /* AddressBook.framework */; };
		E272307515E262420057DB5E /* TFAddressBookTests.m in Sources */ = {isa = PBXBuildFile; fileRef = E272307415E262420057DB5E /* TFAddressBookTests.m */; };
		E272307615E262420057DB5E /* TFAddressBookTests.m in Sources */ = {isa = PBXBuildFile; fileRef = E272307415E262420057DB5E /* TFAddressBookTests.m */; };
		E272307715E2633A0057DB5E /* TFABAddressBook.h in Headers */ = {isa = PBXBuildFile; fileRef = E2722FCC15E25C6F0057DB5E /* TFABAddressBook.h */; settings = {ATTRIBUTES = (Public, ); }; };
		E2BE103515E369F80039BAED /* TFGlobals.h in CopyFiles */ = {isa = PBXBuildFile; fileRef = E272304A15E260240057DB5E /* TFGlobals.h */; };
		E2BE103615E369F80039BAED /* TFAddressBook.h in CopyFiles */ = {isa = PBXBuildFile; fileRef = E272304B15E260240057DB5E /* TFAddressBook.h */; };
		E2BE103715E369F80039BAED /* TFGroup.h in CopyFiles */ = {isa = PBXBuildFile; fileRef = E272304D15E260240057DB5E /* TFGroup.h */; };
		E2BE103815E369F80039BAED /* TFMultiValue.h in CopyFiles */ = {isa = PBXBuildFile; fileRef = E272304F15E260240057DB5E /* TFMultiValue.h */; };
		E2BE103915E369F80039BAED /* TFMutableMultiValue.h in CopyFiles */ = {isa = PBXBuildFile; fileRef = E272305115E260240057DB5E /* TFMutableMultiValue.h */; };
		E2BE103A15E369F80039BAED /* TFPerson.h in CopyFiles */ = {isa = PBXBuildFile; fileRef = E272305315E260240057DB5E /* TFPerson.h */; };
		E2BE103B15E369F80039BAED /* TFRecord.h in CopyFiles */ = {isa = PBXBuildFile; fileRef = E272305515E260240057DB5E /* TFRecord.h */; };
		E2BE103C15E369F80039BAED /* TFSearchElement.h in CopyFiles */ = {isa = PBXBuildFile; fileRef = E272305715E260240057DB5E /* TFSearchElement.h */; };
		E2BE103D15E369F80039BAED /* TFBasicSearchElement.h in CopyFiles */ = {isa = PBXBuildFile; fileRef = E272305915E260240057DB5E /* TFBasicSearchElement.h */; };
		E2BE103E15E36A1B0039BAED /* TFGlobals.h in Headers */ = {isa = PBXBuildFile; fileRef = E272304A15E260240057DB5E /* TFGlobals.h */; };
		E2BE104015E36ADC0039BAED /* TFGlobals.h in CopyFiles */ = {isa = PBXBuildFile; fileRef = E272306B15E2603A0057DB5E /* TFGlobals.h */; };
/* End PBXBuildFile section */

/* Begin PBXContainerItemProxy section */
		E2722FD815E25C6F0057DB5E /* PBXContainerItemProxy */ = {
			isa = PBXContainerItemProxy;
			containerPortal = E2722FB215E25C6F0057DB5E /* Project object */;
			proxyType = 1;
			remoteGlobalIDString = E2722FBB15E25C6F0057DB5E;
			remoteInfo = TFAddressBook;
		};
		E272303815E25F800057DB5E /* PBXContainerItemProxy */ = {
			isa = PBXContainerItemProxy;
			containerPortal = E2722FB215E25C6F0057DB5E /* Project object */;
			proxyType = 1;
			remoteGlobalIDString = E272302315E25F7F0057DB5E;
			remoteInfo = TFAddressBook_iOS;
		};
/* End PBXContainerItemProxy section */

/* Begin PBXCopyFilesBuildPhase section */
		E272302215E25F7F0057DB5E /* CopyFiles */ = {
			isa = PBXCopyFilesBuildPhase;
			buildActionMask = 12;
			dstPath = "include/${PRODUCT_NAME}/iOS";
			dstSubfolderSpec = 16;
			files = (
				E2179E1815E56E35006276EF /* TFPerson+CompositeName.h in CopyFiles */,
				E2BE103515E369F80039BAED /* TFGlobals.h in CopyFiles */,
				E2BE103615E369F80039BAED /* TFAddressBook.h in CopyFiles */,
				E2BE103715E369F80039BAED /* TFGroup.h in CopyFiles */,
				E2BE103815E369F80039BAED /* TFMultiValue.h in CopyFiles */,
				E2BE103915E369F80039BAED /* TFMutableMultiValue.h in CopyFiles */,
				E2BE103A15E369F80039BAED /* TFPerson.h in CopyFiles */,
				E2BE103B15E369F80039BAED /* TFRecord.h in CopyFiles */,
				E2BE103C15E369F80039BAED /* TFSearchElement.h in CopyFiles */,
				E2BE103D15E369F80039BAED /* TFBasicSearchElement.h in CopyFiles */,
			);
			runOnlyForDeploymentPostprocessing = 0;
		};
		E2BE103F15E36ACF0039BAED /* CopyFiles */ = {
			isa = PBXCopyFilesBuildPhase;
			buildActionMask = 2147483647;
			dstPath = Headers/OSX;
			dstSubfolderSpec = 1;
			files = (
				E2BE104015E36ADC0039BAED /* TFGlobals.h in CopyFiles */,
			);
			runOnlyForDeploymentPostprocessing = 0;
		};
/* End PBXCopyFilesBuildPhase section */

/* Begin PBXFileReference section */
		E2179E0F15E56DDC006276EF /* TFPerson+CompositeName.h */ = {isa = PBXFileReference; fileEncoding = 4; lastKnownFileType = sourcecode.c.h; path = "TFPerson+CompositeName.h"; sourceTree = "<group>"; };
		E2179E1015E56DDC006276EF /* TFPerson+CompositeName.m */ = {isa = PBXFileReference; fileEncoding = 4; lastKnownFileType = sourcecode.c.objc; path = "TFPerson+CompositeName.m"; sourceTree = "<group>"; };
		E2722FBC15E25C6F0057DB5E /* TFAddressBook.framework */ = {isa = PBXFileReference; explicitFileType = wrapper.framework; includeInIndex = 0; path = TFAddressBook.framework; sourceTree = BUILT_PRODUCTS_DIR; };
		E2722FBF15E25C6F0057DB5E /* Cocoa.framework */ = {isa = PBXFileReference; lastKnownFileType = wrapper.framework; name = Cocoa.framework; path = System/Library/Frameworks/Cocoa.framework; sourceTree = SDKROOT; };
		E2722FC215E25C6F0057DB5E /* AppKit.framework */ = {isa = PBXFileReference; lastKnownFileType = wrapper.framework; name = AppKit.framework; path = System/Library/Frameworks/AppKit.framework; sourceTree = SDKROOT; };
		E2722FC315E25C6F0057DB5E /* CoreData.framework */ = {isa = PBXFileReference; lastKnownFileType = wrapper.framework; name = CoreData.framework; path = System/Library/Frameworks/CoreData.framework; sourceTree = SDKROOT; };
		E2722FC415E25C6F0057DB5E /* Foundation.framework */ = {isa = PBXFileReference; lastKnownFileType = wrapper.framework; name = Foundation.framework; path = System/Library/Frameworks/Foundation.framework; sourceTree = SDKROOT; };
		E2722FC715E25C6F0057DB5E /* TFAddressBook-Info.plist */ = {isa = PBXFileReference; lastKnownFileType = text.plist.xml; path = "TFAddressBook-Info.plist"; sourceTree = "<group>"; };
		E2722FC915E25C6F0057DB5E /* en */ = {isa = PBXFileReference; lastKnownFileType = text.plist.strings; name = en; path = en.lproj/InfoPlist.strings; sourceTree = "<group>"; };
		E2722FCB15E25C6F0057DB5E /* TFAddressBook-Prefix.pch */ = {isa = PBXFileReference; lastKnownFileType = sourcecode.c.h; path = "TFAddressBook-Prefix.pch"; sourceTree = "<group>"; };
		E2722FCC15E25C6F0057DB5E /* TFABAddressBook.h */ = {isa = PBXFileReference; lastKnownFileType = sourcecode.c.h; path = TFABAddressBook.h; sourceTree = "<group>"; };
		E2722FD415E25C6F0057DB5E /* TFAddressBookTests.octest */ = {isa = PBXFileReference; explicitFileType = wrapper.cfbundle; includeInIndex = 0; path = TFAddressBookTests.octest; sourceTree = BUILT_PRODUCTS_DIR; };
		E2722FD515E25C6F0057DB5E /* SenTestingKit.framework */ = {isa = PBXFileReference; lastKnownFileType = wrapper.framework; name = SenTestingKit.framework; path = Library/Frameworks/SenTestingKit.framework; sourceTree = DEVELOPER_DIR; };
		E2722FDD15E25C6F0057DB5E /* TFAddressBookTests-Info.plist */ = {isa = PBXFileReference; lastKnownFileType = text.plist.xml; path = "TFAddressBookTests-Info.plist"; sourceTree = "<group>"; };
		E2722FDF15E25C6F0057DB5E /* en */ = {isa = PBXFileReference; lastKnownFileType = text.plist.strings; name = en; path = en.lproj/InfoPlist.strings; sourceTree = "<group>"; };
		E272302415E25F7F0057DB5E /* libTFAddressBook.a */ = {isa = PBXFileReference; explicitFileType = archive.ar; includeInIndex = 0; path = libTFAddressBook.a; sourceTree = BUILT_PRODUCTS_DIR; };
		E272302515E25F7F0057DB5E /* Foundation.framework */ = {isa = PBXFileReference; lastKnownFileType = wrapper.framework; name = Foundation.framework; path = System/Library/Frameworks/Foundation.framework; sourceTree = SDKROOT; };
		E272303315E25F7F0057DB5E /* TFAddressBook_iOSTests.octest */ = {isa = PBXFileReference; explicitFileType = wrapper.cfbundle; includeInIndex = 0; path = TFAddressBook_iOSTests.octest; sourceTree = BUILT_PRODUCTS_DIR; };
		E272303515E25F7F0057DB5E /* UIKit.framework */ = {isa = PBXFileReference; lastKnownFileType = wrapper.framework; name = UIKit.framework; path = Library/Frameworks/UIKit.framework; sourceTree = DEVELOPER_DIR; };
		E272304A15E260240057DB5E /* TFGlobals.h */ = {isa = PBXFileReference; fileEncoding = 4; lastKnownFileType = sourcecode.c.h; path = TFGlobals.h; sourceTree = "<group>"; };
		E272304B15E260240057DB5E /* TFAddressBook.h */ = {isa = PBXFileReference; fileEncoding = 4; lastKnownFileType = sourcecode.c.h; path = TFAddressBook.h; sourceTree = "<group>"; };
		E272304C15E260240057DB5E /* TFAddressBook.m */ = {isa = PBXFileReference; fileEncoding = 4; lastKnownFileType = sourcecode.c.objc; path = TFAddressBook.m; sourceTree = "<group>"; };
		E272304D15E260240057DB5E /* TFGroup.h */ = {isa = PBXFileReference; fileEncoding = 4; lastKnownFileType = sourcecode.c.h; path = TFGroup.h; sourceTree = "<group>"; };
		E272304E15E260240057DB5E /* TFGroup.m */ = {isa = PBXFileReference; fileEncoding = 4; lastKnownFileType = sourcecode.c.objc; path = TFGroup.m; sourceTree = "<group>"; };
		E272304F15E260240057DB5E /* TFMultiValue.h */ = {isa = PBXFileReference; fileEncoding = 4; lastKnownFileType = sourcecode.c.h; path = TFMultiValue.h; sourceTree = "<group>"; };
		E272305015E260240057DB5E /* TFMultiValue.m */ = {isa = PBXFileReference; fileEncoding = 4; lastKnownFileType = sourcecode.c.objc; path = TFMultiValue.m; sourceTree = "<group>"; };
		E272305115E260240057DB5E /* TFMutableMultiValue.h */ = {isa = PBXFileReference; fileEncoding = 4; lastKnownFileType = sourcecode.c.h; path = TFMutableMultiValue.h; sourceTree = "<group>"; };
		E272305215E260240057DB5E /* TFMutableMultiValue.m */ = {isa = PBXFileReference; fileEncoding = 4; lastKnownFileType = sourcecode.c.objc; path = TFMutableMultiValue.m; sourceTree = "<group>"; };
		E272305315E260240057DB5E /* TFPerson.h */ = {isa = PBXFileReference; fileEncoding = 4; lastKnownFileType = sourcecode.c.h; path = TFPerson.h; sourceTree = "<group>"; };
		E272305415E260240057DB5E /* TFPerson.m */ = {isa = PBXFileReference; fileEncoding = 4; lastKnownFileType = sourcecode.c.objc; path = TFPerson.m; sourceTree = "<group>"; };
		E272305515E260240057DB5E /* TFRecord.h */ = {isa = PBXFileReference; fileEncoding = 4; lastKnownFileType = sourcecode.c.h; path = TFRecord.h; sourceTree = "<group>"; };
		E272305615E260240057DB5E /* TFRecord.m */ = {isa = PBXFileReference; fileEncoding = 4; lastKnownFileType = sourcecode.c.objc; path = TFRecord.m; sourceTree = "<group>"; };
		E272305715E260240057DB5E /* TFSearchElement.h */ = {isa = PBXFileReference; fileEncoding = 4; lastKnownFileType = sourcecode.c.h; path = TFSearchElement.h; sourceTree = "<group>"; };
		E272305815E260240057DB5E /* TFSearchElement.m */ = {isa = PBXFileReference; fileEncoding = 4; lastKnownFileType = sourcecode.c.objc; path = TFSearchElement.m; sourceTree = "<group>"; };
		E272305915E260240057DB5E /* TFBasicSearchElement.h */ = {isa = PBXFileReference; fileEncoding = 4; lastKnownFileType = sourcecode.c.h; path = TFBasicSearchElement.h; sourceTree = "<group>"; };
		E272305A15E260240057DB5E /* TFBasicSearchElement.m */ = {isa = PBXFileReference; fileEncoding = 4; lastKnownFileType = sourcecode.c.objc; path = TFBasicSearchElement.m; sourceTree = "<group>"; };
		E272306B15E2603A0057DB5E /* TFGlobals.h */ = {isa = PBXFileReference; fileEncoding = 4; lastKnownFileType = sourcecode.c.h; path = TFGlobals.h; sourceTree = "<group>"; };
		E272306D15E261970057DB5E /* AddressBook.framework */ = {isa = PBXFileReference; lastKnownFileType = wrapper.framework; name = AddressBook.framework; path = Platforms/iPhoneOS.platform/Developer/SDKs/iPhoneOS5.1.sdk/System/Library/Frameworks/AddressBook.framework; sourceTree = DEVELOPER_DIR; };
		E272307115E261FF0057DB5E /* AddressBook.framework */ = {isa = PBXFileReference; lastKnownFileType = wrapper.framework; name = AddressBook.framework; path = System/Library/Frameworks/AddressBook.framework; sourceTree = SDKROOT; };
		E272307315E262420057DB5E /* TFAddressBookTests.h */ = {isa = PBXFileReference; fileEncoding = 4; lastKnownFileType = sourcecode.c.h; path = TFAddressBookTests.h; sourceTree = "<group>"; };
		E272307415E262420057DB5E /* TFAddressBookTests.m */ = {isa = PBXFileReference; fileEncoding = 4; lastKnownFileType = sourcecode.c.objc; path = TFAddressBookTests.m; sourceTree = "<group>"; };
/* End PBXFileReference section */

/* Begin PBXFrameworksBuildPhase section */
		E2722FB815E25C6F0057DB5E /* Frameworks */ = {
			isa = PBXFrameworksBuildPhase;
			buildActionMask = 2147483647;
			files = (
				E272307215E261FF0057DB5E /* AddressBook.framework in Frameworks */,
				E2722FC015E25C6F0057DB5E /* Cocoa.framework in Frameworks */,
			);
			runOnlyForDeploymentPostprocessing = 0;
		};
		E2722FD015E25C6F0057DB5E /* Frameworks */ = {
			isa = PBXFrameworksBuildPhase;
			buildActionMask = 2147483647;
			files = (
				E2722FD615E25C6F0057DB5E /* SenTestingKit.framework in Frameworks */,
				E2722FD715E25C6F0057DB5E /* Cocoa.framework in Frameworks */,
				E2722FDA15E25C6F0057DB5E /* TFAddressBook.framework in Frameworks */,
			);
			runOnlyForDeploymentPostprocessing = 0;
		};
		E272302115E25F7F0057DB5E /* Frameworks */ = {
			isa = PBXFrameworksBuildPhase;
			buildActionMask = 2147483647;
			files = (
				E272306E15E261970057DB5E /* AddressBook.framework in Frameworks */,
				E272302615E25F7F0057DB5E /* Foundation.framework in Frameworks */,
			);
			runOnlyForDeploymentPostprocessing = 0;
		};
		E272302F15E25F7F0057DB5E /* Frameworks */ = {
			isa = PBXFrameworksBuildPhase;
			buildActionMask = 2147483647;
			files = (
				E272303415E25F7F0057DB5E /* SenTestingKit.framework in Frameworks */,
				E272303615E25F7F0057DB5E /* UIKit.framework in Frameworks */,
				E272303715E25F7F0057DB5E /* Foundation.framework in Frameworks */,
				E272303A15E25F800057DB5E /* libTFAddressBook.a in Frameworks */,
			);
			runOnlyForDeploymentPostprocessing = 0;
		};
/* End PBXFrameworksBuildPhase section */

/* Begin PBXGroup section */
		E2722FB015E25C6F0057DB5E = {
			isa = PBXGroup;
			children = (
				E2722FC515E25C6F0057DB5E /* TFAddressBook */,
				E2722FDB15E25C6F0057DB5E /* TFAddressBookTests */,
				E2722FBE15E25C6F0057DB5E /* Frameworks */,
				E2722FBD15E25C6F0057DB5E /* Products */,
			);
			sourceTree = "<group>";
		};
		E2722FBD15E25C6F0057DB5E /* Products */ = {
			isa = PBXGroup;
			children = (
				E2722FBC15E25C6F0057DB5E /* TFAddressBook.framework */,
				E2722FD415E25C6F0057DB5E /* TFAddressBookTests.octest */,
				E272302415E25F7F0057DB5E /* libTFAddressBook.a */,
				E272303315E25F7F0057DB5E /* TFAddressBook_iOSTests.octest */,
			);
			name = Products;
			sourceTree = "<group>";
		};
		E2722FBE15E25C6F0057DB5E /* Frameworks */ = {
			isa = PBXGroup;
			children = (
				E272307015E261EF0057DB5E /* OSX */,
				E272306F15E261D90057DB5E /* iOS */,
				E2722FBF15E25C6F0057DB5E /* Cocoa.framework */,
				E2722FD515E25C6F0057DB5E /* SenTestingKit.framework */,
				E272302515E25F7F0057DB5E /* Foundation.framework */,
				E2722FC115E25C6F0057DB5E /* Other Frameworks */,
			);
			name = Frameworks;
			sourceTree = "<group>";
		};
		E2722FC115E25C6F0057DB5E /* Other Frameworks */ = {
			isa = PBXGroup;
			children = (
				E2722FC215E25C6F0057DB5E /* AppKit.framework */,
				E2722FC315E25C6F0057DB5E /* CoreData.framework */,
				E2722FC415E25C6F0057DB5E /* Foundation.framework */,
			);
			name = "Other Frameworks";
			sourceTree = "<group>";
		};
		E2722FC515E25C6F0057DB5E /* TFAddressBook */ = {
			isa = PBXGroup;
			children = (
				E272301D15E25EB60057DB5E /* OSX */,
				E272301C15E25EA70057DB5E /* iOS */,
				E2722FCC15E25C6F0057DB5E /* TFABAddressBook.h */,
				E2179E0F15E56DDC006276EF /* TFPerson+CompositeName.h */,
				E2179E1015E56DDC006276EF /* TFPerson+CompositeName.m */,
				E2722FC615E25C6F0057DB5E /* Supporting Files */,
			);
			path = TFAddressBook;
			sourceTree = "<group>";
		};
		E2722FC615E25C6F0057DB5E /* Supporting Files */ = {
			isa = PBXGroup;
			children = (
				E2722FC715E25C6F0057DB5E /* TFAddressBook-Info.plist */,
				E2722FC815E25C6F0057DB5E /* InfoPlist.strings */,
				E2722FCB15E25C6F0057DB5E /* TFAddressBook-Prefix.pch */,
			);
			name = "Supporting Files";
			sourceTree = "<group>";
		};
		E2722FDB15E25C6F0057DB5E /* TFAddressBookTests */ = {
			isa = PBXGroup;
			children = (
				E272307315E262420057DB5E /* TFAddressBookTests.h */,
				E272307415E262420057DB5E /* TFAddressBookTests.m */,
				E2722FDC15E25C6F0057DB5E /* Supporting Files */,
			);
			path = TFAddressBookTests;
			sourceTree = "<group>";
		};
		E2722FDC15E25C6F0057DB5E /* Supporting Files */ = {
			isa = PBXGroup;
			children = (
				E2722FDD15E25C6F0057DB5E /* TFAddressBookTests-Info.plist */,
				E2722FDE15E25C6F0057DB5E /* InfoPlist.strings */,
			);
			name = "Supporting Files";
			sourceTree = "<group>";
		};
		E272301C15E25EA70057DB5E /* iOS */ = {
			isa = PBXGroup;
			children = (
				E272304A15E260240057DB5E /* TFGlobals.h */,
				E272304B15E260240057DB5E /* TFAddressBook.h */,
				E272304C15E260240057DB5E /* TFAddressBook.m */,
				E272304D15E260240057DB5E /* TFGroup.h */,
				E272304E15E260240057DB5E /* TFGroup.m */,
				E272304F15E260240057DB5E /* TFMultiValue.h */,
				E272305015E260240057DB5E /* TFMultiValue.m */,
				E272305115E260240057DB5E /* TFMutableMultiValue.h */,
				E272305215E260240057DB5E /* TFMutableMultiValue.m */,
				E272305315E260240057DB5E /* TFPerson.h */,
				E272305415E260240057DB5E /* TFPerson.m */,
				E272305515E260240057DB5E /* TFRecord.h */,
				E272305615E260240057DB5E /* TFRecord.m */,
				E272305715E260240057DB5E /* TFSearchElement.h */,
				E272305815E260240057DB5E /* TFSearchElement.m */,
				E272305915E260240057DB5E /* TFBasicSearchElement.h */,
				E272305A15E260240057DB5E /* TFBasicSearchElement.m */,
			);
			path = iOS;
			sourceTree = "<group>";
		};
		E272301D15E25EB60057DB5E /* OSX */ = {
			isa = PBXGroup;
			children = (
				E272306B15E2603A0057DB5E /* TFGlobals.h */,
			);
			path = OSX;
			sourceTree = "<group>";
		};
		E272306F15E261D90057DB5E /* iOS */ = {
			isa = PBXGroup;
			children = (
				E272303515E25F7F0057DB5E /* UIKit.framework */,
				E272306D15E261970057DB5E /* AddressBook.framework */,
			);
			name = iOS;
			sourceTree = "<group>";
		};
		E272307015E261EF0057DB5E /* OSX */ = {
			isa = PBXGroup;
			children = (
				E272307115E261FF0057DB5E /* AddressBook.framework */,
			);
			name = OSX;
			sourceTree = "<group>";
		};
/* End PBXGroup section */

/* Begin PBXHeadersBuildPhase section */
		E20D71B015E2B26E005E9D34 /* Headers */ = {
			isa = PBXHeadersBuildPhase;
			buildActionMask = 2147483647;
			files = (
				E20D71C315E2B27B005E9D34 /* TFABAddressBook.h in Headers */,
				E2179E1215E56DDC006276EF /* TFPerson+CompositeName.h in Headers */,
				E2BE103E15E36A1B0039BAED /* TFGlobals.h in Headers */,
				E20D71B315E2B27B005E9D34 /* TFAddressBook.h in Headers */,
				E20D71B515E2B27B005E9D34 /* TFGroup.h in Headers */,
				E20D71B715E2B27B005E9D34 /* TFMultiValue.h in Headers */,
				E20D71B915E2B27B005E9D34 /* TFMutableMultiValue.h in Headers */,
				E20D71BB15E2B27B005E9D34 /* TFPerson.h in Headers */,
				E20D71BD15E2B27B005E9D34 /* TFRecord.h in Headers */,
				E20D71BF15E2B27B005E9D34 /* TFSearchElement.h in Headers */,
				E20D71C115E2B27B005E9D34 /* TFBasicSearchElement.h in Headers */,
			);
			runOnlyForDeploymentPostprocessing = 0;
		};
		E2722FB915E25C6F0057DB5E /* Headers */ = {
			isa = PBXHeadersBuildPhase;
			buildActionMask = 2147483647;
			files = (
				E272307715E2633A0057DB5E /* TFABAddressBook.h in Headers */,
				E2179E1115E56DDC006276EF /* TFPerson+CompositeName.h in Headers */,
			);
			runOnlyForDeploymentPostprocessing = 0;
		};
/* End PBXHeadersBuildPhase section */

/* Begin PBXNativeTarget section */
		E2722FBB15E25C6F0057DB5E /* TFAddressBook */ = {
			isa = PBXNativeTarget;
			buildConfigurationList = E2722FE615E25C6F0057DB5E /* Build configuration list for PBXNativeTarget "TFAddressBook" */;
			buildPhases = (
				E2722FB715E25C6F0057DB5E /* Sources */,
				E2722FB815E25C6F0057DB5E /* Frameworks */,
				E2722FB915E25C6F0057DB5E /* Headers */,
				E2722FBA15E25C6F0057DB5E /* Resources */,
				E2BE103F15E36ACF0039BAED /* CopyFiles */,
			);
			buildRules = (
			);
			dependencies = (
			);
			name = TFAddressBook;
			productName = TFAddressBook;
			productReference = E2722FBC15E25C6F0057DB5E /* TFAddressBook.framework */;
			productType = "com.apple.product-type.framework";
		};
		E2722FD315E25C6F0057DB5E /* TFAddressBookTests */ = {
			isa = PBXNativeTarget;
			buildConfigurationList = E2722FE915E25C6F0057DB5E /* Build configuration list for PBXNativeTarget "TFAddressBookTests" */;
			buildPhases = (
				E2722FCF15E25C6F0057DB5E /* Sources */,
				E2722FD015E25C6F0057DB5E /* Frameworks */,
				E2722FD115E25C6F0057DB5E /* Resources */,
				E2722FD215E25C6F0057DB5E /* ShellScript */,
			);
			buildRules = (
			);
			dependencies = (
				E2722FD915E25C6F0057DB5E /* PBXTargetDependency */,
			);
			name = TFAddressBookTests;
			productName = TFAddressBookTests;
			productReference = E2722FD415E25C6F0057DB5E /* TFAddressBookTests.octest */;
			productType = "com.apple.product-type.bundle";
		};
		E272302315E25F7F0057DB5E /* TFAddressBook_IOS */ = {
			isa = PBXNativeTarget;
			buildConfigurationList = E272304415E25F800057DB5E /* Build configuration list for PBXNativeTarget "TFAddressBook_IOS" */;
			buildPhases = (
				E272302015E25F7F0057DB5E /* Sources */,
				E272302115E25F7F0057DB5E /* Frameworks */,
				E272302215E25F7F0057DB5E /* CopyFiles */,
				E20D71B015E2B26E005E9D34 /* Headers */,
			);
			buildRules = (
			);
			dependencies = (
			);
			name = TFAddressBook_IOS;
			productName = TFAddressBook_iOS;
			productReference = E272302415E25F7F0057DB5E /* libTFAddressBook.a */;
			productType = "com.apple.product-type.library.static";
		};
		E272303215E25F7F0057DB5E /* TFAddressBook_iOSTests */ = {
			isa = PBXNativeTarget;
			buildConfigurationList = E272304715E25F800057DB5E /* Build configuration list for PBXNativeTarget "TFAddressBook_iOSTests" */;
			buildPhases = (
				E272302E15E25F7F0057DB5E /* Sources */,
				E272302F15E25F7F0057DB5E /* Frameworks */,
				E272303015E25F7F0057DB5E /* Resources */,
				E272303115E25F7F0057DB5E /* ShellScript */,
			);
			buildRules = (
			);
			dependencies = (
				E272303915E25F800057DB5E /* PBXTargetDependency */,
			);
			name = TFAddressBook_iOSTests;
			productName = TFAddressBook_iOSTests;
			productReference = E272303315E25F7F0057DB5E /* TFAddressBook_iOSTests.octest */;
			productType = "com.apple.product-type.bundle";
		};
/* End PBXNativeTarget section */

/* Begin PBXProject section */
		E2722FB215E25C6F0057DB5E /* Project object */ = {
			isa = PBXProject;
			attributes = {
				LastUpgradeCheck = 0450;
				ORGANIZATIONNAME = "Tom Fewster";
			};
			buildConfigurationList = E2722FB515E25C6F0057DB5E /* Build configuration list for PBXProject "TFAddressBook" */;
			compatibilityVersion = "Xcode 3.2";
			developmentRegion = English;
			hasScannedForEncodings = 0;
			knownRegions = (
				en,
			);
			mainGroup = E2722FB015E25C6F0057DB5E;
			productRefGroup = E2722FBD15E25C6F0057DB5E /* Products */;
			projectDirPath = "";
			projectRoot = "";
			targets = (
				E2722FBB15E25C6F0057DB5E /* TFAddressBook */,
				E2722FD315E25C6F0057DB5E /* TFAddressBookTests */,
				E272302315E25F7F0057DB5E /* TFAddressBook_IOS */,
				E272303215E25F7F0057DB5E /* TFAddressBook_iOSTests */,
			);
		};
/* End PBXProject section */

/* Begin PBXResourcesBuildPhase section */
		E2722FBA15E25C6F0057DB5E /* Resources */ = {
			isa = PBXResourcesBuildPhase;
			buildActionMask = 2147483647;
			files = (
				E2722FCA15E25C6F0057DB5E /* InfoPlist.strings in Resources */,
			);
			runOnlyForDeploymentPostprocessing = 0;
		};
		E2722FD115E25C6F0057DB5E /* Resources */ = {
			isa = PBXResourcesBuildPhase;
			buildActionMask = 2147483647;
			files = (
				E2722FE015E25C6F0057DB5E /* InfoPlist.strings in Resources */,
			);
			runOnlyForDeploymentPostprocessing = 0;
		};
		E272303015E25F7F0057DB5E /* Resources */ = {
			isa = PBXResourcesBuildPhase;
			buildActionMask = 2147483647;
			files = (
			);
			runOnlyForDeploymentPostprocessing = 0;
		};
/* End PBXResourcesBuildPhase section */

/* Begin PBXShellScriptBuildPhase section */
		E2722FD215E25C6F0057DB5E /* ShellScript */ = {
			isa = PBXShellScriptBuildPhase;
			buildActionMask = 2147483647;
			files = (
			);
			inputPaths = (
			);
			outputPaths = (
			);
			runOnlyForDeploymentPostprocessing = 0;
			shellPath = /bin/sh;
			shellScript = "# Run the unit tests in this test bundle.\n\"${SYSTEM_DEVELOPER_DIR}/Tools/RunUnitTests\"\n";
		};
		E272303115E25F7F0057DB5E /* ShellScript */ = {
			isa = PBXShellScriptBuildPhase;
			buildActionMask = 2147483647;
			files = (
			);
			inputPaths = (
			);
			outputPaths = (
			);
			runOnlyForDeploymentPostprocessing = 0;
			shellPath = /bin/sh;
			shellScript = "# Run the unit tests in this test bundle.\n\"${SYSTEM_DEVELOPER_DIR}/Tools/RunUnitTests\"\n";
		};
/* End PBXShellScriptBuildPhase section */

/* Begin PBXSourcesBuildPhase section */
		E2722FB715E25C6F0057DB5E /* Sources */ = {
			isa = PBXSourcesBuildPhase;
			buildActionMask = 2147483647;
			files = (
				E2179E1315E56DDC006276EF /* TFPerson+CompositeName.m in Sources */,
			);
			runOnlyForDeploymentPostprocessing = 0;
		};
		E2722FCF15E25C6F0057DB5E /* Sources */ = {
			isa = PBXSourcesBuildPhase;
			buildActionMask = 2147483647;
			files = (
				E272307515E262420057DB5E /* TFAddressBookTests.m in Sources */,
				E2179E1415E56DDC006276EF /* TFPerson+CompositeName.m in Sources */,
			);
			runOnlyForDeploymentPostprocessing = 0;
		};
		E272302015E25F7F0057DB5E /* Sources */ = {
			isa = PBXSourcesBuildPhase;
			buildActionMask = 2147483647;
			files = (
				E272305B15E260240057DB5E /* TFAddressBook.m in Sources */,
				E272305D15E260240057DB5E /* TFGroup.m in Sources */,
				E272305F15E260240057DB5E /* TFMultiValue.m in Sources */,
				E272306115E260240057DB5E /* TFMutableMultiValue.m in Sources */,
				E272306315E260240057DB5E /* TFPerson.m in Sources */,
				E272306515E260240057DB5E /* TFRecord.m in Sources */,
				E272306715E260240057DB5E /* TFSearchElement.m in Sources */,
				E272306915E260240057DB5E /* TFBasicSearchElement.m in Sources */,
				E2179E1515E56DDC006276EF /* TFPerson+CompositeName.m in Sources */,
			);
			runOnlyForDeploymentPostprocessing = 0;
		};
		E272302E15E25F7F0057DB5E /* Sources */ = {
			isa = PBXSourcesBuildPhase;
			buildActionMask = 2147483647;
			files = (
				E272305C15E260240057DB5E /* TFAddressBook.m in Sources */,
				E272305E15E260240057DB5E /* TFGroup.m in Sources */,
				E272306015E260240057DB5E /* TFMultiValue.m in Sources */,
				E272306215E260240057DB5E /* TFMutableMultiValue.m in Sources */,
				E272306415E260240057DB5E /* TFPerson.m in Sources */,
				E272306615E260240057DB5E /* TFRecord.m in Sources */,
				E272306815E260240057DB5E /* TFSearchElement.m in Sources */,
				E272306A15E260240057DB5E /* TFBasicSearchElement.m in Sources */,
				E272307615E262420057DB5E /* TFAddressBookTests.m in Sources */,
				E2179E1615E56DDC006276EF /* TFPerson+CompositeName.m in Sources */,
			);
			runOnlyForDeploymentPostprocessing = 0;
		};
/* End PBXSourcesBuildPhase section */

/* Begin PBXTargetDependency section */
		E2722FD915E25C6F0057DB5E /* PBXTargetDependency */ = {
			isa = PBXTargetDependency;
			target = E2722FBB15E25C6F0057DB5E /* TFAddressBook */;
			targetProxy = E2722FD815E25C6F0057DB5E /* PBXContainerItemProxy */;
		};
		E272303915E25F800057DB5E /* PBXTargetDependency */ = {
			isa = PBXTargetDependency;
			target = E272302315E25F7F0057DB5E /* TFAddressBook_IOS */;
			targetProxy = E272303815E25F800057DB5E /* PBXContainerItemProxy */;
		};
/* End PBXTargetDependency section */

/* Begin PBXVariantGroup section */
		E2722FC815E25C6F0057DB5E /* InfoPlist.strings */ = {
			isa = PBXVariantGroup;
			children = (
				E2722FC915E25C6F0057DB5E /* en */,
			);
			name = InfoPlist.strings;
			sourceTree = "<group>";
		};
		E2722FDE15E25C6F0057DB5E /* InfoPlist.strings */ = {
			isa = PBXVariantGroup;
			children = (
				E2722FDF15E25C6F0057DB5E /* en */,
			);
			name = InfoPlist.strings;
			sourceTree = "<group>";
		};
/* End PBXVariantGroup section */

/* Begin XCBuildConfiguration section */
		E2722FE415E25C6F0057DB5E /* Debug */ = {
			isa = XCBuildConfiguration;
			buildSettings = {
				ALWAYS_SEARCH_USER_PATHS = NO;
				ARCHS = "$(ARCHS_STANDARD_64_BIT)";
				CLANG_CXX_LANGUAGE_STANDARD = "gnu++0x";
				CLANG_ENABLE_OBJC_ARC = YES;
				CLANG_WARN__DUPLICATE_METHOD_MATCH = YES;
				COPY_PHASE_STRIP = NO;
				GCC_C_LANGUAGE_STANDARD = gnu99;
				GCC_DYNAMIC_NO_PIC = NO;
				GCC_ENABLE_OBJC_EXCEPTIONS = YES;
				GCC_OPTIMIZATION_LEVEL = 0;
				GCC_PREPROCESSOR_DEFINITIONS = (
					"DEBUG=1",
					"$(inherited)",
				);
				GCC_SYMBOLS_PRIVATE_EXTERN = NO;
				GCC_WARN_64_TO_32_BIT_CONVERSION = YES;
				GCC_WARN_ABOUT_RETURN_TYPE = YES;
				GCC_WARN_UNINITIALIZED_AUTOS = YES;
				GCC_WARN_UNUSED_VARIABLE = YES;
				MACOSX_DEPLOYMENT_TARGET = 10.8;
				ONLY_ACTIVE_ARCH = YES;
				SDKROOT = macosx;
			};
			name = Debug;
		};
		E2722FE515E25C6F0057DB5E /* Release */ = {
			isa = XCBuildConfiguration;
			buildSettings = {
				ALWAYS_SEARCH_USER_PATHS = NO;
				ARCHS = "$(ARCHS_STANDARD_64_BIT)";
				CLANG_CXX_LANGUAGE_STANDARD = "gnu++0x";
				CLANG_ENABLE_OBJC_ARC = YES;
				CLANG_WARN__DUPLICATE_METHOD_MATCH = YES;
				COPY_PHASE_STRIP = YES;
				DEBUG_INFORMATION_FORMAT = "dwarf-with-dsym";
				GCC_C_LANGUAGE_STANDARD = gnu99;
				GCC_ENABLE_OBJC_EXCEPTIONS = YES;
				GCC_WARN_64_TO_32_BIT_CONVERSION = YES;
				GCC_WARN_ABOUT_RETURN_TYPE = YES;
				GCC_WARN_UNINITIALIZED_AUTOS = YES;
				GCC_WARN_UNUSED_VARIABLE = YES;
				MACOSX_DEPLOYMENT_TARGET = 10.8;
				SDKROOT = macosx;
			};
			name = Release;
		};
		E2722FE715E25C6F0057DB5E /* Debug */ = {
			isa = XCBuildConfiguration;
			buildSettings = {
				COMBINE_HIDPI_IMAGES = YES;
				DYLIB_COMPATIBILITY_VERSION = 1;
				DYLIB_CURRENT_VERSION = 1;
				FRAMEWORK_VERSION = A;
				GCC_PRECOMPILE_PREFIX_HEADER = YES;
				GCC_PREFIX_HEADER = "TFAddressBook/TFAddressBook-Prefix.pch";
				INFOPLIST_FILE = "TFAddressBook/TFAddressBook-Info.plist";
				INSTALL_PATH = "$(BUILD_DIR)/$(CONFIGURATION)$(EFFECTIVE_PLATFORM_NAME)";
				PRODUCT_NAME = "$(TARGET_NAME)";
				WRAPPER_EXTENSION = framework;
			};
			name = Debug;
		};
		E2722FE815E25C6F0057DB5E /* Release */ = {
			isa = XCBuildConfiguration;
			buildSettings = {
				COMBINE_HIDPI_IMAGES = YES;
				DYLIB_COMPATIBILITY_VERSION = 1;
				DYLIB_CURRENT_VERSION = 1;
				FRAMEWORK_VERSION = A;
				GCC_PRECOMPILE_PREFIX_HEADER = YES;
				GCC_PREFIX_HEADER = "TFAddressBook/TFAddressBook-Prefix.pch";
				INFOPLIST_FILE = "TFAddressBook/TFAddressBook-Info.plist";
				INSTALL_PATH = "$(BUILD_DIR)/$(CONFIGURATION)$(EFFECTIVE_PLATFORM_NAME)";
				ONLY_ACTIVE_ARCH = NO;
				PRODUCT_NAME = "$(TARGET_NAME)";
				WRAPPER_EXTENSION = framework;
			};
			name = Release;
		};
		E2722FEA15E25C6F0057DB5E /* Debug */ = {
			isa = XCBuildConfiguration;
			buildSettings = {
				COMBINE_HIDPI_IMAGES = YES;
				FRAMEWORK_SEARCH_PATHS = "\"$(DEVELOPER_LIBRARY_DIR)/Frameworks\"";
				GCC_PRECOMPILE_PREFIX_HEADER = YES;
				GCC_PREFIX_HEADER = "TFAddressBook/TFAddressBook-Prefix.pch";
				INFOPLIST_FILE = "TFAddressBookTests/TFAddressBookTests-Info.plist";
				PRODUCT_NAME = "$(TARGET_NAME)";
				WRAPPER_EXTENSION = octest;
			};
			name = Debug;
		};
		E2722FEB15E25C6F0057DB5E /* Release */ = {
			isa = XCBuildConfiguration;
			buildSettings = {
				COMBINE_HIDPI_IMAGES = YES;
				FRAMEWORK_SEARCH_PATHS = "\"$(DEVELOPER_LIBRARY_DIR)/Frameworks\"";
				GCC_PRECOMPILE_PREFIX_HEADER = YES;
				GCC_PREFIX_HEADER = "TFAddressBook/TFAddressBook-Prefix.pch";
				INFOPLIST_FILE = "TFAddressBookTests/TFAddressBookTests-Info.plist";
				PRODUCT_NAME = "$(TARGET_NAME)";
				WRAPPER_EXTENSION = octest;
			};
			name = Release;
		};
		E272304515E25F800057DB5E /* Debug */ = {
			isa = XCBuildConfiguration;
			buildSettings = {
				ARCHS = "$(ARCHS_STANDARD_32_BIT)";
				DSTROOT = /tmp/TFAddressBook_iOS.dst;
				GCC_PRECOMPILE_PREFIX_HEADER = YES;
				GCC_PREFIX_HEADER = "TFAddressBook/TFAddressBook-Prefix.pch";
				GCC_VERSION = com.apple.compilers.llvm.clang.1_0;
				INSTALL_PATH = "$(BUILD_DIR)/$(CONFIGURATION)$(EFFECTIVE_PLATFORM_NAME)";
				IPHONEOS_DEPLOYMENT_TARGET = 5.1;
				OTHER_LDFLAGS = "-ObjC";
				PRODUCT_NAME = TFAddressBook;
				PUBLIC_HEADERS_FOLDER_PATH = "include/$(PROJECT_NAME)";
				SDKROOT = iphoneos;
				SKIP_INSTALL = YES;
			};
			name = Debug;
		};
		E272304615E25F800057DB5E /* Release */ = {
			isa = XCBuildConfiguration;
			buildSettings = {
				ARCHS = "$(ARCHS_STANDARD_32_BIT)";
				DSTROOT = /tmp/TFAddressBook_iOS.dst;
				GCC_PRECOMPILE_PREFIX_HEADER = YES;
				GCC_PREFIX_HEADER = "TFAddressBook/TFAddressBook-Prefix.pch";
				GCC_VERSION = com.apple.compilers.llvm.clang.1_0;
				INSTALL_PATH = "$(BUILD_DIR)/$(CONFIGURATION)$(EFFECTIVE_PLATFORM_NAME)";
				IPHONEOS_DEPLOYMENT_TARGET = 5.1;
				OTHER_LDFLAGS = "-ObjC";
				PRODUCT_NAME = TFAddressBook;
				PUBLIC_HEADERS_FOLDER_PATH = "include/$(PROJECT_NAME)";
				SDKROOT = iphoneos;
				SKIP_INSTALL = YES;
				VALIDATE_PRODUCT = YES;
			};
			name = Release;
		};
		E272304815E25F800057DB5E /* Debug */ = {
			isa = XCBuildConfiguration;
			buildSettings = {
				ARCHS = "$(ARCHS_STANDARD_32_BIT)";
				FRAMEWORK_SEARCH_PATHS = (
					"\"$(SDKROOT)/Developer/Library/Frameworks\"",
					"\"$(DEVELOPER_LIBRARY_DIR)/Frameworks\"",
				);
				GCC_PRECOMPILE_PREFIX_HEADER = YES;
				GCC_PREFIX_HEADER = "TFAddressBook_iOS/TFAddressBook_iOS-Prefix.pch";
				GCC_VERSION = com.apple.compilers.llvm.clang.1_0;
				INFOPLIST_FILE = "TFAddressBook_iOSTests/TFAddressBook_iOSTests-Info.plist";
				IPHONEOS_DEPLOYMENT_TARGET = 5.1;
				PRODUCT_NAME = "$(TARGET_NAME)";
				SDKROOT = iphoneos;
				WRAPPER_EXTENSION = octest;
			};
			name = Debug;
		};
		E272304915E25F800057DB5E /* Release */ = {
			isa = XCBuildConfiguration;
			buildSettings = {
				ARCHS = "$(ARCHS_STANDARD_32_BIT)";
				FRAMEWORK_SEARCH_PATHS = (
					"\"$(SDKROOT)/Developer/Library/Frameworks\"",
					"\"$(DEVELOPER_LIBRARY_DIR)/Frameworks\"",
				);
				GCC_PRECOMPILE_PREFIX_HEADER = YES;
				GCC_PREFIX_HEADER = "TFAddressBook_iOS/TFAddressBook_iOS-Prefix.pch";
				GCC_VERSION = com.apple.compilers.llvm.clang.1_0;
				INFOPLIST_FILE = "TFAddressBook_iOSTests/TFAddressBook_iOSTests-Info.plist";
				IPHONEOS_DEPLOYMENT_TARGET = 5.1;
				PRODUCT_NAME = "$(TARGET_NAME)";
				SDKROOT = iphoneos;
				VALIDATE_PRODUCT = YES;
				WRAPPER_EXTENSION = octest;
			};
			name = Release;
		};
/* End XCBuildConfiguration section */

/* Begin XCConfigurationList section */
		E2722FB515E25C6F0057DB5E /* Build configuration list for PBXProject "TFAddressBook" */ = {
			isa = XCConfigurationList;
			buildConfigurations = (
				E2722FE415E25C6F0057DB5E /* Debug */,
				E2722FE515E25C6F0057DB5E /* Release */,
			);
			defaultConfigurationIsVisible = 0;
			defaultConfigurationName = Release;
		};
		E2722FE615E25C6F0057DB5E /* Build configuration list for PBXNativeTarget "TFAddressBook" */ = {
			isa = XCConfigurationList;
			buildConfigurations = (
				E2722FE715E25C6F0057DB5E /* Debug */,
				E2722FE815E25C6F0057DB5E /* Release */,
			);
			defaultConfigurationIsVisible = 0;
			defaultConfigurationName = Release;
		};
		E2722FE915E25C6F0057DB5E /* Build configuration list for PBXNativeTarget "TFAddressBookTests" */ = {
			isa = XCConfigurationList;
			buildConfigurations = (
				E2722FEA15E25C6F0057DB5E /* Debug */,
				E2722FEB15E25C6F0057DB5E /* Release */,
			);
			defaultConfigurationIsVisible = 0;
			defaultConfigurationName = Release;
		};
		E272304415E25F800057DB5E /* Build configuration list for PBXNativeTarget "TFAddressBook_IOS" */ = {
			isa = XCConfigurationList;
			buildConfigurations = (
				E272304515E25F800057DB5E /* Debug */,
				E272304615E25F800057DB5E /* Release */,
			);
			defaultConfigurationIsVisible = 0;
			defaultConfigurationName = Release;
		};
		E272304715E25F800057DB5E /* Build configuration list for PBXNativeTarget "TFAddressBook_iOSTests" */ = {
			isa = XCConfigurationList;
			buildConfigurations = (
				E272304815E25F800057DB5E /* Debug */,
				E272304915E25F800057DB5E /* Release */,
			);
			defaultConfigurationIsVisible = 0;
			defaultConfigurationName = Release;
		};
/* End XCConfigurationList section */
	};
	rootObject = E2722FB215E25C6F0057DB5E /* Project object */;
}
